
Microsoft Visual Studio Solution File, Format Version 12.00
# Visual Studio 14
VisualStudioVersion = 14.0.25123.0
MinimumVisualStudioVersion = 10.0.40219.1
Project("{FAE04EC0-301F-11D3-BF4B-00C04F79EFBC}") = "IndexKor", "IndexKor\IndexKor.csproj", "{9EF8EFF0-AA69-4C78-8DE7-AA373E4C7270}"
EndProject
Project("{FAE04EC0-301F-11D3-BF4B-00C04F79EFBC}") = "WebTools", "..\WebTools\WebTools\WebTools.csproj", "{FA29099E-44F1-4D1D-9D34-4E3319286D17}"
EndProject
Global
	GlobalSection(SolutionConfigurationPlatforms) = preSolution
		Debug|Any CPU = Debug|Any CPU
		Release|Any CPU = Release|Any CPU
	EndGlobalSection
	GlobalSection(ProjectConfigurationPlatforms) = postSolution
		{9EF8EFF0-AA69-4C78-8DE7-AA373E4C7270}.Debug|Any CPU.ActiveCfg = Debug|Any CPU
		{9EF8EFF0-AA69-4C78-8DE7-AA373E4C7270}.Debug|Any CPU.Build.0 = Debug|Any CPU
		{9EF8EFF0-AA69-4C78-8DE7-AA373E4C7270}.Release|Any CPU.ActiveCfg = Release|Any CPU
		{9EF8EFF0-AA69-4C78-8DE7-AA373E4C7270}.Release|Any CPU.Build.0 = Release|Any CPU
		{FA29099E-44F1-4D1D-9D34-4E3319286D17}.Debug|Any CPU.ActiveCfg = Debug|Any CPU
		{FA29099E-44F1-4D1D-9D34-4E3319286D17}.Debug|Any CPU.Build.0 = Debug|Any CPU
		{FA29099E-44F1-4D1D-9D34-4E3319286D17}.Release|Any CPU.ActiveCfg = Release|Any CPU
		{FA29099E-44F1-4D1D-9D34-4E3319286D17}.Release|Any CPU.Build.0 = Release|Any CPU
	EndGlobalSection
	GlobalSection(SolutionProperties) = preSolution
		HideSolutionNode = FALSE
	EndGlobalSection
EndGlobal
